
Microsoft Visual Studio Solution File, Format Version 12.00
Project("{FAE04EC0-301F-11D3-BF4B-00C04F79EFBC}") = "BoardFront", "BoardFront\BoardFront.csproj", "{30A503D7-710F-43C3-BAEF-046890F8FB57}"
EndProject
Project("{FAE04EC0-301F-11D3-BF4B-00C04F79EFBC}") = "BoardCommon", "BoardCommon\BoardCommon.csproj", "{4A9E8821-5275-4271-98A0-4F201C65DFC8}"
EndProject
Project("{FAE04EC0-301F-11D3-BF4B-00C04F79EFBC}") = "api", "api\api.csproj", "{AE4C7ABE-0408-46B2-A34D-F2CCFA46049C}"
EndProject
Project("{FAE04EC0-301F-11D3-BF4B-00C04F79EFBC}") = "ApiTests", "ApiTests\ApiTests.csproj", "{5A91D271-A1B0-4D75-AD26-330372C485AE}"
EndProject
Project("{FAE04EC0-301F-11D3-BF4B-00C04F79EFBC}") = "DependentClient", "DependentClient\DependentClient.csproj", "{A274541C-A9AA-4E28-9C70-A442F66D274A}"
EndProject
Global
	GlobalSection(SolutionConfigurationPlatforms) = preSolution
		Debug|Any CPU = Debug|Any CPU
		Release|Any CPU = Release|Any CPU
	EndGlobalSection
	GlobalSection(ProjectConfigurationPlatforms) = postSolution
		{30A503D7-710F-43C3-BAEF-046890F8FB57}.Debug|Any CPU.ActiveCfg = Debug|Any CPU
		{30A503D7-710F-43C3-BAEF-046890F8FB57}.Debug|Any CPU.Build.0 = Debug|Any CPU
		{30A503D7-710F-43C3-BAEF-046890F8FB57}.Release|Any CPU.ActiveCfg = Release|Any CPU
		{30A503D7-710F-43C3-BAEF-046890F8FB57}.Release|Any CPU.Build.0 = Release|Any CPU
		{4A9E8821-5275-4271-98A0-4F201C65DFC8}.Debug|Any CPU.ActiveCfg = Debug|Any CPU
		{4A9E8821-5275-4271-98A0-4F201C65DFC8}.Debug|Any CPU.Build.0 = Debug|Any CPU
		{4A9E8821-5275-4271-98A0-4F201C65DFC8}.Release|Any CPU.ActiveCfg = Release|Any CPU
		{4A9E8821-5275-4271-98A0-4F201C65DFC8}.Release|Any CPU.Build.0 = Release|Any CPU
		{AE4C7ABE-0408-46B2-A34D-F2CCFA46049C}.Debug|Any CPU.ActiveCfg = Debug|Any CPU
		{AE4C7ABE-0408-46B2-A34D-F2CCFA46049C}.Debug|Any CPU.Build.0 = Debug|Any CPU
		{AE4C7ABE-0408-46B2-A34D-F2CCFA46049C}.Release|Any CPU.ActiveCfg = Release|Any CPU
		{AE4C7ABE-0408-46B2-A34D-F2CCFA46049C}.Release|Any CPU.Build.0 = Release|Any CPU
		{5A91D271-A1B0-4D75-AD26-330372C485AE}.Debug|Any CPU.ActiveCfg = Debug|Any CPU
		{5A91D271-A1B0-4D75-AD26-330372C485AE}.Debug|Any CPU.Build.0 = Debug|Any CPU
		{5A91D271-A1B0-4D75-AD26-330372C485AE}.Release|Any CPU.ActiveCfg = Release|Any CPU
		{5A91D271-A1B0-4D75-AD26-330372C485AE}.Release|Any CPU.Build.0 = Release|Any CPU
		{A274541C-A9AA-4E28-9C70-A442F66D274A}.Debug|Any CPU.ActiveCfg = Debug|Any CPU
		{A274541C-A9AA-4E28-9C70-A442F66D274A}.Debug|Any CPU.Build.0 = Debug|Any CPU
		{A274541C-A9AA-4E28-9C70-A442F66D274A}.Release|Any CPU.ActiveCfg = Release|Any CPU
		{A274541C-A9AA-4E28-9C70-A442F66D274A}.Release|Any CPU.Build.0 = Release|Any CPU
	EndGlobalSection
EndGlobal
